
Microsoft Visual Studio Solution File, Format Version 12.00
# Visual Studio Version 17
VisualStudioVersion = 17.3.32825.248
MinimumVisualStudioVersion = 10.0.40219.1
Project("{FAE04EC0-301F-11D3-BF4B-00C04F79EFBC}") = "BelleFleurLib", "BelleFleurLib\BelleFleurLib.csproj", "{4849BE84-0998-4742-B4DD-1A8CFB9EA4D5}"
EndProject
Project("{FAE04EC0-301F-11D3-BF4B-00C04F79EFBC}") = "FleurUI", "FleurUI\FleurUI.csproj", "{FEC39006-F531-4335-966C-6A72F7FE81B7}"
EndProject
Project("{FAE04EC0-301F-11D3-BF4B-00C04F79EFBC}") = "FleurConsole", "FleurConsole\FleurConsole.csproj", "{CF297767-BA2D-4FE0-8C92-4FBF4AA49593}"
EndProject
Global
	GlobalSection(SolutionConfigurationPlatforms) = preSolution
		Debug|Any CPU = Debug|Any CPU
		Release|Any CPU = Release|Any CPU
	EndGlobalSection
	GlobalSection(ProjectConfigurationPlatforms) = postSolution
		{4849BE84-0998-4742-B4DD-1A8CFB9EA4D5}.Debug|Any CPU.ActiveCfg = Debug|Any CPU
		{4849BE84-0998-4742-B4DD-1A8CFB9EA4D5}.Debug|Any CPU.Build.0 = Debug|Any CPU
		{4849BE84-0998-4742-B4DD-1A8CFB9EA4D5}.Release|Any CPU.ActiveCfg = Release|Any CPU
		{4849BE84-0998-4742-B4DD-1A8CFB9EA4D5}.Release|Any CPU.Build.0 = Release|Any CPU
		{FEC39006-F531-4335-966C-6A72F7FE81B7}.Debug|Any CPU.ActiveCfg = Debug|Any CPU
		{FEC39006-F531-4335-966C-6A72F7FE81B7}.Debug|Any CPU.Build.0 = Debug|Any CPU
		{FEC39006-F531-4335-966C-6A72F7FE81B7}.Release|Any CPU.ActiveCfg = Release|Any CPU
		{FEC39006-F531-4335-966C-6A72F7FE81B7}.Release|Any CPU.Build.0 = Release|Any CPU
		{CF297767-BA2D-4FE0-8C92-4FBF4AA49593}.Debug|Any CPU.ActiveCfg = Debug|Any CPU
		{CF297767-BA2D-4FE0-8C92-4FBF4AA49593}.Debug|Any CPU.Build.0 = Debug|Any CPU
		{CF297767-BA2D-4FE0-8C92-4FBF4AA49593}.Release|Any CPU.ActiveCfg = Release|Any CPU
		{CF297767-BA2D-4FE0-8C92-4FBF4AA49593}.Release|Any CPU.Build.0 = Release|Any CPU
	EndGlobalSection
	GlobalSection(SolutionProperties) = preSolution
		HideSolutionNode = FALSE
	EndGlobalSection
	GlobalSection(ExtensibilityGlobals) = postSolution
		SolutionGuid = {8F712795-67DB-40BA-AE9B-6111E3482205}
	EndGlobalSection
EndGlobal
